{
  "version": 4,
  "terraform_version": "1.1.4",
  "serial": 11,
  "lineage": "092c2339-db60-faac-0f69-a4ec22fd128b",
  "outputs": {},
  "resources": [
    {
      "mode": "managed",
      "type": "docker_image",
      "name": "challenge-extra-1",
      "provider": "provider[\"registry.terraform.io/kreuzwerker/docker\"]",
      "instances": [
        {
          "schema_version": 0,
          "attributes": {
            "build": [
              {
                "build_arg": {},
                "dockerfile": "Dockerfile",
                "force_remove": false,
                "label": {},
                "no_cache": false,
                "path": "../challenge-4",
                "remove": true,
                "tag": [],
                "target": ""
              }
            ],
            "force_remove": null,
            "id": "sha256:6e433a1ea01afa79d2443d5a529865ff43dcbe4de795facb342e2b33c23b7c28challenge-extra-1:latest",
            "keep_locally": null,
            "latest": "sha256:6e433a1ea01afa79d2443d5a529865ff43dcbe4de795facb342e2b33c23b7c28",
            "name": "challenge-extra-1:latest",
            "output": null,
            "pull_trigger": null,
            "pull_triggers": null,
            "repo_digest": ""
          },
          "sensitive_attributes": [],
          "private": "bnVsbA=="
        }
      ]
    }
  ]
}
